Microsoft Visual Studio Solution File, Format Version 12.00
# Visual Studio Version 17
VisualStudioVersion = 17.5.2.0
MinimumVisualStudioVersion = 10.0.40219.1
Project("{FAE04EC0-301F-11D3-BF4B-00C04F79EFBC}") = "CountyIdle", "CountyIdle\CountyIdle.csproj", "{3BBCCEB8-5772-BD5F-4AF9-DF44745EFA93}"
EndProject
Global
	GlobalSection(SolutionConfigurationPlatforms) = preSolution
		Debug|Any CPU = Debug|Any CPU
		Release|Any CPU = Release|Any CPU
	EndGlobalSection
	GlobalSection(ProjectConfigurationPlatforms) = postSolution
		{3BBCCEB8-5772-BD5F-4AF9-DF44745EFA93}.Debug|Any CPU.ActiveCfg = Debug|Any CPU
		{3BBCCEB8-5772-BD5F-4AF9-DF44745EFA93}.Debug|Any CPU.Build.0 = Debug|Any CPU
		{3BBCCEB8-5772-BD5F-4AF9-DF44745EFA93}.Release|Any CPU.ActiveCfg = Release|Any CPU
		{3BBCCEB8-5772-BD5F-4AF9-DF44745EFA93}.Release|Any CPU.Build.0 = Release|Any CPU
	EndGlobalSection
	GlobalSection(SolutionProperties) = preSolution
		HideSolutionNode = FALSE
	EndGlobalSection
	GlobalSection(ExtensibilityGlobals) = postSolution
		SolutionGuid = {A97D2CF6-ECF6-4D0E-B20E-1C43886D51BE}
	EndGlobalSection
EndGlobal
